{
  "name": "@codesmiths/mp-utils",
  "version": "1.0.5",
  "lockfileVersion": 2,
  "requires": true,
  "packages": {
    "": {
      "name": "@codesmiths/mp-utils",
      "version": "1.0.5",
      "license": "ISC",
      "dependencies": {
        "@codesmiths/mp-utils": "^1.0.4"
      }
    },
    "node_modules/@codesmiths/mp-utils": {
      "version": "1.0.4",
      "resolved": "https://registry.npmjs.org/@codesmiths/mp-utils/-/mp-utils-1.0.4.tgz",
      "integrity": "sha512-0/n8DShTdaGtJN63m9lhirZcAr8DyzQ5UqDV1tGTFT5asKJBdupDF8bUd+F2lMa6lpi2+NL8vHGA9c7EJfA3wg=="
    }
  },
  "dependencies": {
    "@codesmiths/mp-utils": {
      "version": "1.0.4",
      "resolved": "https://registry.npmjs.org/@codesmiths/mp-utils/-/mp-utils-1.0.4.tgz",
      "integrity": "sha512-0/n8DShTdaGtJN63m9lhirZcAr8DyzQ5UqDV1tGTFT5asKJBdupDF8bUd+F2lMa6lpi2+NL8vHGA9c7EJfA3wg=="
    }
  }
}
